
Microsoft Visual Studio Solution File, Format Version 12.00
# Visual Studio Version 17
VisualStudioVersion = 17.8.34330.188
MinimumVisualStudioVersion = 10.0.40219.1
Project("{FAE04EC0-301F-11D3-BF4B-00C04F79EFBC}") = "Modulo1.Console", "Modulo1.Console\Modulo1.Console.csproj", "{BB9D3590-6D8E-41BF-98F1-E46831DF2AFF}"
EndProject
Global
	GlobalSection(SolutionConfigurationPlatforms) = preSolution
		Debug|Any CPU = Debug|Any CPU
		Release|Any CPU = Release|Any CPU
	EndGlobalSection
	GlobalSection(ProjectConfigurationPlatforms) = postSolution
		{BB9D3590-6D8E-41BF-98F1-E46831DF2AFF}.Debug|Any CPU.ActiveCfg = Debug|Any CPU
		{BB9D3590-6D8E-41BF-98F1-E46831DF2AFF}.Debug|Any CPU.Build.0 = Debug|Any CPU
		{BB9D3590-6D8E-41BF-98F1-E46831DF2AFF}.Release|Any CPU.ActiveCfg = Release|Any CPU
		{BB9D3590-6D8E-41BF-98F1-E46831DF2AFF}.Release|Any CPU.Build.0 = Release|Any CPU
	EndGlobalSection
	GlobalSection(SolutionProperties) = preSolution
		HideSolutionNode = FALSE
	EndGlobalSection
	GlobalSection(ExtensibilityGlobals) = postSolution
		SolutionGuid = {8A715332-AC72-4082-AC83-A48C324A2662}
	EndGlobalSection
EndGlobal
